
Microsoft Visual Studio Solution File, Format Version 12.00
# Visual Studio Version 17
VisualStudioVersion = 17.2.32519.379
MinimumVisualStudioVersion = 10.0.40219.1
Project("{2150E333-8FDC-42A3-9474-1A3956D46DE8}") = "1-UI", "1-UI", "{48439217-427F-463C-A4C3-0CAC735895F7}"
EndProject
Project("{2150E333-8FDC-42A3-9474-1A3956D46DE8}") = "2-Application", "2-Application", "{2113FA22-DA95-4499-8507-A383AE486AEF}"
EndProject
Project("{2150E333-8FDC-42A3-9474-1A3956D46DE8}") = "3-Domain", "3-Domain", "{52BC6B7C-4B76-4149-AE7A-2DA947A1DCC3}"
EndProject
Project("{2150E333-8FDC-42A3-9474-1A3956D46DE8}") = "4-CrossLayer", "4-CrossLayer", "{8BBE9BCF-7C53-41D6-9334-C7D2A695B785}"
EndProject
Project("{9A19103F-16F7-4668-BE54-9A1E7A4F7556}") = "Sim.Domain", "src\Sim.Domain\Sim.Domain.csproj", "{DAAB6252-656B-4280-A947-B690EB636658}"
EndProject
Project("{9A19103F-16F7-4668-BE54-9A1E7A4F7556}") = "Sim.Data", "src\Sim.Data\Sim.Data.csproj", "{B02F8000-4EAA-4D58-AA57-C58F4F3B3D4C}"
EndProject
Project("{9A19103F-16F7-4668-BE54-9A1E7A4F7556}") = "Sim.Identity", "src\Sim.Identity\Sim.Identity.csproj", "{4C83DA8C-D453-4C84-9795-75A0BBDAE734}"
EndProject
Project("{9A19103F-16F7-4668-BE54-9A1E7A4F7556}") = "Sim.IoC", "src\Sim.IoC\Sim.IoC.csproj", "{1E8007C8-3E31-46CC-AC48-DD9BA9689445}"
EndProject
Project("{9A19103F-16F7-4668-BE54-9A1E7A4F7556}") = "Sim.Application", "src\Sim.Application\Sim.Application.csproj", "{5C32CD2A-5C0E-44CD-A2FE-666D4E1FFA36}"
EndProject
Project("{9A19103F-16F7-4668-BE54-9A1E7A4F7556}") = "Sim.Application.WebService", "src\Sim.Application.WebService\Sim.Application.WebService.csproj", "{D15AB692-D4DF-47EF-BE56-5DD2E1734400}"
EndProject
Project("{9A19103F-16F7-4668-BE54-9A1E7A4F7556}") = "Sim.Domain.Cnpj", "src\Sim.Domain.Cnpj\Sim.Domain.Cnpj.csproj", "{BCE82B32-F2A0-4471-9D9B-A407FDBCC91A}"
EndProject
Project("{9A19103F-16F7-4668-BE54-9A1E7A4F7556}") = "Sim.Data.Cnpj", "src\Sim.Data.Cnpj\Sim.Data.Cnpj.csproj", "{A3083E45-E994-4E4A-A7C2-CE14BA19674D}"
EndProject
Project("{9A19103F-16F7-4668-BE54-9A1E7A4F7556}") = "Sim.Application.Cnpj", "src\Sim.Application.Cnpj\Sim.Application.Cnpj.csproj", "{7D3CE81C-B877-4328-A95C-F5F4817AF0D5}"
EndProject
Project("{9A19103F-16F7-4668-BE54-9A1E7A4F7556}") = "Sim.UI.Web", "src\Sim.UI.Web\Sim.UI.Web.csproj", "{52028954-F46E-4102-A396-C2F3E477ACCE}"
EndProject
Project("{2150E333-8FDC-42A3-9474-1A3956D46DE8}") = "src", "src", "{B55D5524-E537-4E51-B5F6-98374027A555}"
EndProject
Project("{FAE04EC0-301F-11D3-BF4B-00C04F79EFBC}") = "Sim.UI.Api", "src\Sim.UI.Api\Sim.UI.Api.csproj", "{5E617D2B-DEAF-4511-A4E9-20C1CCEC05C8}"
EndProject
Project("{FAE04EC0-301F-11D3-BF4B-00C04F79EFBC}") = "Sim.UI.Painel", "src\Sim.UI.Painel\Sim.UI.Painel.csproj", "{8821344D-7EDF-4B50-86FA-9C7E4B4D9255}"
EndProject
Project("{FAE04EC0-301F-11D3-BF4B-00C04F79EFBC}") = "Sim.Migradata", "src\Sim.Migradata\Sim.Migradata.csproj", "{823E867A-1DA8-494B-A759-4E63EFA2EF69}"
EndProject
Global
	GlobalSection(SolutionConfigurationPlatforms) = preSolution
		Debug|Any CPU = Debug|Any CPU
		Release|Any CPU = Release|Any CPU
	EndGlobalSection
	GlobalSection(ProjectConfigurationPlatforms) = postSolution
		{DAAB6252-656B-4280-A947-B690EB636658}.Debug|Any CPU.ActiveCfg = Debug|Any CPU
		{DAAB6252-656B-4280-A947-B690EB636658}.Debug|Any CPU.Build.0 = Debug|Any CPU
		{DAAB6252-656B-4280-A947-B690EB636658}.Release|Any CPU.ActiveCfg = Release|Any CPU
		{DAAB6252-656B-4280-A947-B690EB636658}.Release|Any CPU.Build.0 = Release|Any CPU
		{B02F8000-4EAA-4D58-AA57-C58F4F3B3D4C}.Debug|Any CPU.ActiveCfg = Debug|Any CPU
		{B02F8000-4EAA-4D58-AA57-C58F4F3B3D4C}.Debug|Any CPU.Build.0 = Debug|Any CPU
		{B02F8000-4EAA-4D58-AA57-C58F4F3B3D4C}.Release|Any CPU.ActiveCfg = Release|Any CPU
		{B02F8000-4EAA-4D58-AA57-C58F4F3B3D4C}.Release|Any CPU.Build.0 = Release|Any CPU
		{4C83DA8C-D453-4C84-9795-75A0BBDAE734}.Debug|Any CPU.ActiveCfg = Debug|Any CPU
		{4C83DA8C-D453-4C84-9795-75A0BBDAE734}.Debug|Any CPU.Build.0 = Debug|Any CPU
		{4C83DA8C-D453-4C84-9795-75A0BBDAE734}.Release|Any CPU.ActiveCfg = Release|Any CPU
		{4C83DA8C-D453-4C84-9795-75A0BBDAE734}.Release|Any CPU.Build.0 = Release|Any CPU
		{1E8007C8-3E31-46CC-AC48-DD9BA9689445}.Debug|Any CPU.ActiveCfg = Debug|Any CPU
		{1E8007C8-3E31-46CC-AC48-DD9BA9689445}.Debug|Any CPU.Build.0 = Debug|Any CPU
		{1E8007C8-3E31-46CC-AC48-DD9BA9689445}.Release|Any CPU.ActiveCfg = Release|Any CPU
		{1E8007C8-3E31-46CC-AC48-DD9BA9689445}.Release|Any CPU.Build.0 = Release|Any CPU
		{5C32CD2A-5C0E-44CD-A2FE-666D4E1FFA36}.Debug|Any CPU.ActiveCfg = Debug|Any CPU
		{5C32CD2A-5C0E-44CD-A2FE-666D4E1FFA36}.Debug|Any CPU.Build.0 = Debug|Any CPU
		{5C32CD2A-5C0E-44CD-A2FE-666D4E1FFA36}.Release|Any CPU.ActiveCfg = Release|Any CPU
		{5C32CD2A-5C0E-44CD-A2FE-666D4E1FFA36}.Release|Any CPU.Build.0 = Release|Any CPU
		{D15AB692-D4DF-47EF-BE56-5DD2E1734400}.Debug|Any CPU.ActiveCfg = Debug|Any CPU
		{D15AB692-D4DF-47EF-BE56-5DD2E1734400}.Debug|Any CPU.Build.0 = Debug|Any CPU
		{D15AB692-D4DF-47EF-BE56-5DD2E1734400}.Release|Any CPU.ActiveCfg = Release|Any CPU
		{D15AB692-D4DF-47EF-BE56-5DD2E1734400}.Release|Any CPU.Build.0 = Release|Any CPU
		{BCE82B32-F2A0-4471-9D9B-A407FDBCC91A}.Debug|Any CPU.ActiveCfg = Debug|Any CPU
		{BCE82B32-F2A0-4471-9D9B-A407FDBCC91A}.Debug|Any CPU.Build.0 = Debug|Any CPU
		{BCE82B32-F2A0-4471-9D9B-A407FDBCC91A}.Release|Any CPU.ActiveCfg = Release|Any CPU
		{BCE82B32-F2A0-4471-9D9B-A407FDBCC91A}.Release|Any CPU.Build.0 = Release|Any CPU
		{A3083E45-E994-4E4A-A7C2-CE14BA19674D}.Debug|Any CPU.ActiveCfg = Debug|Any CPU
		{A3083E45-E994-4E4A-A7C2-CE14BA19674D}.Debug|Any CPU.Build.0 = Debug|Any CPU
		{A3083E45-E994-4E4A-A7C2-CE14BA19674D}.Release|Any CPU.ActiveCfg = Release|Any CPU
		{A3083E45-E994-4E4A-A7C2-CE14BA19674D}.Release|Any CPU.Build.0 = Release|Any CPU
		{7D3CE81C-B877-4328-A95C-F5F4817AF0D5}.Debug|Any CPU.ActiveCfg = Debug|Any CPU
		{7D3CE81C-B877-4328-A95C-F5F4817AF0D5}.Debug|Any CPU.Build.0 = Debug|Any CPU
		{7D3CE81C-B877-4328-A95C-F5F4817AF0D5}.Release|Any CPU.ActiveCfg = Release|Any CPU
		{7D3CE81C-B877-4328-A95C-F5F4817AF0D5}.Release|Any CPU.Build.0 = Release|Any CPU
		{52028954-F46E-4102-A396-C2F3E477ACCE}.Debug|Any CPU.ActiveCfg = Debug|Any CPU
		{52028954-F46E-4102-A396-C2F3E477ACCE}.Debug|Any CPU.Build.0 = Debug|Any CPU
		{52028954-F46E-4102-A396-C2F3E477ACCE}.Release|Any CPU.ActiveCfg = Release|Any CPU
		{52028954-F46E-4102-A396-C2F3E477ACCE}.Release|Any CPU.Build.0 = Release|Any CPU
		{5E617D2B-DEAF-4511-A4E9-20C1CCEC05C8}.Debug|Any CPU.ActiveCfg = Debug|Any CPU
		{5E617D2B-DEAF-4511-A4E9-20C1CCEC05C8}.Debug|Any CPU.Build.0 = Debug|Any CPU
		{5E617D2B-DEAF-4511-A4E9-20C1CCEC05C8}.Release|Any CPU.ActiveCfg = Release|Any CPU
		{5E617D2B-DEAF-4511-A4E9-20C1CCEC05C8}.Release|Any CPU.Build.0 = Release|Any CPU
		{8821344D-7EDF-4B50-86FA-9C7E4B4D9255}.Debug|Any CPU.ActiveCfg = Debug|Any CPU
		{8821344D-7EDF-4B50-86FA-9C7E4B4D9255}.Debug|Any CPU.Build.0 = Debug|Any CPU
		{8821344D-7EDF-4B50-86FA-9C7E4B4D9255}.Release|Any CPU.ActiveCfg = Release|Any CPU
		{8821344D-7EDF-4B50-86FA-9C7E4B4D9255}.Release|Any CPU.Build.0 = Release|Any CPU
		{823E867A-1DA8-494B-A759-4E63EFA2EF69}.Debug|Any CPU.ActiveCfg = Debug|Any CPU
		{823E867A-1DA8-494B-A759-4E63EFA2EF69}.Debug|Any CPU.Build.0 = Debug|Any CPU
		{823E867A-1DA8-494B-A759-4E63EFA2EF69}.Release|Any CPU.ActiveCfg = Release|Any CPU
		{823E867A-1DA8-494B-A759-4E63EFA2EF69}.Release|Any CPU.Build.0 = Release|Any CPU
	EndGlobalSection
	GlobalSection(SolutionProperties) = preSolution
		HideSolutionNode = FALSE
	EndGlobalSection
	GlobalSection(NestedProjects) = preSolution
		{DAAB6252-656B-4280-A947-B690EB636658} = {52BC6B7C-4B76-4149-AE7A-2DA947A1DCC3}
		{B02F8000-4EAA-4D58-AA57-C58F4F3B3D4C} = {8BBE9BCF-7C53-41D6-9334-C7D2A695B785}
		{4C83DA8C-D453-4C84-9795-75A0BBDAE734} = {8BBE9BCF-7C53-41D6-9334-C7D2A695B785}
		{1E8007C8-3E31-46CC-AC48-DD9BA9689445} = {8BBE9BCF-7C53-41D6-9334-C7D2A695B785}
		{5C32CD2A-5C0E-44CD-A2FE-666D4E1FFA36} = {2113FA22-DA95-4499-8507-A383AE486AEF}
		{D15AB692-D4DF-47EF-BE56-5DD2E1734400} = {2113FA22-DA95-4499-8507-A383AE486AEF}
		{BCE82B32-F2A0-4471-9D9B-A407FDBCC91A} = {52BC6B7C-4B76-4149-AE7A-2DA947A1DCC3}
		{A3083E45-E994-4E4A-A7C2-CE14BA19674D} = {8BBE9BCF-7C53-41D6-9334-C7D2A695B785}
		{7D3CE81C-B877-4328-A95C-F5F4817AF0D5} = {2113FA22-DA95-4499-8507-A383AE486AEF}
		{52028954-F46E-4102-A396-C2F3E477ACCE} = {48439217-427F-463C-A4C3-0CAC735895F7}
		{5E617D2B-DEAF-4511-A4E9-20C1CCEC05C8} = {B55D5524-E537-4E51-B5F6-98374027A555}
		{8821344D-7EDF-4B50-86FA-9C7E4B4D9255} = {B55D5524-E537-4E51-B5F6-98374027A555}
		{823E867A-1DA8-494B-A759-4E63EFA2EF69} = {B55D5524-E537-4E51-B5F6-98374027A555}
	EndGlobalSection
	GlobalSection(ExtensibilityGlobals) = postSolution
		SolutionGuid = {AFA1287D-4898-4A02-B904-6DE18B4E3926}
	EndGlobalSection
EndGlobal
